
Microsoft Visual Studio Solution File, Format Version 12.00
# Visual Studio Version 16
VisualStudioVersion = 16.0.31229.75
MinimumVisualStudioVersion = 10.0.40219.1
Project("{9A19103F-16F7-4668-BE54-9A1E7A4F7556}") = "EFCore", "EFCore\EFCore.csproj", "{7B5CEA51-D50C-4B77-9197-E27A00C7947B}"
EndProject
Project("{9A19103F-16F7-4668-BE54-9A1E7A4F7556}") = "EFCore.Query", "EFCore.Query\EFCore.Query.csproj", "{892D4DC9-E56A-4809-98F2-25738DF5F887}"
EndProject
Project("{FAE04EC0-301F-11D3-BF4B-00C04F79EFBC}") = "DependencyInjection", "DependencyInjection\DependencyInjection.csproj", "{4E1C14E5-CF42-4B43-ADAF-8E5362C02A13}"
EndProject
Global
	GlobalSection(SolutionConfigurationPlatforms) = preSolution
		Debug|Any CPU = Debug|Any CPU
		Release|Any CPU = Release|Any CPU
	EndGlobalSection
	GlobalSection(ProjectConfigurationPlatforms) = postSolution
		{7B5CEA51-D50C-4B77-9197-E27A00C7947B}.Debug|Any CPU.ActiveCfg = Debug|Any CPU
		{7B5CEA51-D50C-4B77-9197-E27A00C7947B}.Debug|Any CPU.Build.0 = Debug|Any CPU
		{7B5CEA51-D50C-4B77-9197-E27A00C7947B}.Release|Any CPU.ActiveCfg = Release|Any CPU
		{7B5CEA51-D50C-4B77-9197-E27A00C7947B}.Release|Any CPU.Build.0 = Release|Any CPU
		{892D4DC9-E56A-4809-98F2-25738DF5F887}.Debug|Any CPU.ActiveCfg = Debug|Any CPU
		{892D4DC9-E56A-4809-98F2-25738DF5F887}.Debug|Any CPU.Build.0 = Debug|Any CPU
		{892D4DC9-E56A-4809-98F2-25738DF5F887}.Release|Any CPU.ActiveCfg = Release|Any CPU
		{892D4DC9-E56A-4809-98F2-25738DF5F887}.Release|Any CPU.Build.0 = Release|Any CPU
		{4E1C14E5-CF42-4B43-ADAF-8E5362C02A13}.Debug|Any CPU.ActiveCfg = Debug|Any CPU
		{4E1C14E5-CF42-4B43-ADAF-8E5362C02A13}.Debug|Any CPU.Build.0 = Debug|Any CPU
		{4E1C14E5-CF42-4B43-ADAF-8E5362C02A13}.Release|Any CPU.ActiveCfg = Release|Any CPU
		{4E1C14E5-CF42-4B43-ADAF-8E5362C02A13}.Release|Any CPU.Build.0 = Release|Any CPU
	EndGlobalSection
	GlobalSection(SolutionProperties) = preSolution
		HideSolutionNode = FALSE
	EndGlobalSection
	GlobalSection(ExtensibilityGlobals) = postSolution
		SolutionGuid = {29BFA936-0387-4B2A-AD58-BED38D475006}
	EndGlobalSection
EndGlobal
